
Microsoft Visual Studio Solution File, Format Version 12.00
# Visual Studio Version 17
VisualStudioVersion = 17.8.34511.84
MinimumVisualStudioVersion = 10.0.40219.1
Project("{9A19103F-16F7-4668-BE54-9A1E7A4F7556}") = "aspprvi", "aspprvi.csproj", "{CF13024D-CB24-4C9D-82DD-6279707047D0}"
EndProject
Global
	GlobalSection(SolutionConfigurationPlatforms) = preSolution
		Debug|Any CPU = Debug|Any CPU
		Release|Any CPU = Release|Any CPU
	EndGlobalSection
	GlobalSection(ProjectConfigurationPlatforms) = postSolution
		{CF13024D-CB24-4C9D-82DD-6279707047D0}.Debug|Any CPU.ActiveCfg = Debug|Any CPU
		{CF13024D-CB24-4C9D-82DD-6279707047D0}.Debug|Any CPU.Build.0 = Debug|Any CPU
		{CF13024D-CB24-4C9D-82DD-6279707047D0}.Release|Any CPU.ActiveCfg = Release|Any CPU
		{CF13024D-CB24-4C9D-82DD-6279707047D0}.Release|Any CPU.Build.0 = Release|Any CPU
	EndGlobalSection
	GlobalSection(SolutionProperties) = preSolution
		HideSolutionNode = FALSE
	EndGlobalSection
	GlobalSection(ExtensibilityGlobals) = postSolution
		SolutionGuid = {7C1AB500-A47D-484E-A9EC-122EDD0C15F1}
	EndGlobalSection
EndGlobal
